github.com/UnitVectorY-Labs/isplaintextfile v0.0.2 h1:qhrI+IL3i62GvuQXcBgtcpj4XyAUaLkgEiP/CkJkZxY=
github.com/UnitVectorY-Labs/isplaintextfile v0.0.2/go.mod h1:Kq6ATvtJUiURnCtuw5YHHthc0bUnLZkIo0EqeAw/kj0=
github.com/atotto/clipboard v0.1.4 h1:EH0zSVneZPSuFR11BlR9YppQTVDbh5+16AmcJi4g1z4=
github.com/atotto/clipboard v0.1.4/go.mod h1:ZY9tmq7sm5xIbd9bOK4onWV4S6X0u6GY7Vn0Yu86PYI=
