github.com/UnitVectorY-Labs/isplaintextfile v0.0.3 h1:szBUh70RaI4LpNGKNdowwkM0QFzWK0lsRm5mj3L9ewo=
github.com/UnitVectorY-Labs/isplaintextfile v0.0.3/go.mod h1:2dZrdmgkOW32WM6I2CrHdd6dNT1doteMJWTB+PBMYdw=
github.com/atotto/clipboard v0.1.4 h1:EH0zSVneZPSuFR11BlR9YppQTVDbh5+16AmcJi4g1z4=
github.com/atotto/clipboard v0.1.4/go.mod h1:ZY9tmq7sm5xIbd9bOK4onWV4S6X0u6GY7Vn0Yu86PYI=
