github.com/UnitVectorY-Labs/isplaintextfile v0.0.1 h1:RS4sxEMMnJvdJ3kcq3XTUbPpHJqK1n3g1cavR/b/meY=
github.com/UnitVectorY-Labs/isplaintextfile v0.0.1/go.mod h1:WoPPTkeVOOE17G2JrE96ihSNZL/5GdXbZPw9h7RzMDQ=
github.com/atotto/clipboard v0.1.4 h1:EH0zSVneZPSuFR11BlR9YppQTVDbh5+16AmcJi4g1z4=
github.com/atotto/clipboard v0.1.4/go.mod h1:ZY9tmq7sm5xIbd9bOK4onWV4S6X0u6GY7Vn0Yu86PYI=
